// !$*UTF8*$!
{
	archiveVersion = 1;
	classes = {
	};
	objectVersion = 54;
	objects = {

/* Begin PBXBuildFile section */
		1498D2341E8E89220040F4C2 /* GeneratedPluginRegistrant.m in Sources */ = {isa = PBXBuildFile; fileRef = 1498D2331E8E89220040F4C2 /* GeneratedPluginRegistrant.m */; };
		331C808B294A63AB00263BE5 /* RunnerTests.swift in Sources */ = {isa = PBXBuildFile; fileRef = 331C807B294A618700263BE5 /* RunnerTests.swift */; };
		3B3967161E833CAA004F5970 /* AppFrameworkInfo.plist in Resources */ = {isa = PBXBuildFile; fileRef = 3B3967151E833CAA004F5970 /* AppFrameworkInfo.plist */; };
		74858FAF1ED2DC5600515810 /* AppDelegate.swift in Sources */ = {isa = PBXBuildFile; fileRef = 74858FAE1ED2DC5600515810 /* AppDelegate.swift */; };
		97C146FC1CF9000F007C117D /* Main.storyboard in Resources */ = {isa = PBXBuildFile; fileRef = 97C146FA1CF9000F007C117D /* Main.storyboard */; };
		97C146FE1CF9000F007C117D /* Assets.xcassets in Resources */ = {isa = PBXBuildFile; fileRef = 97C146FD1CF9000F007C117D /* Assets.xcassets */; };
		97C147011CF9000F007C117D /* LaunchScreen.storyboard in Resources */ = {isa = PBXBuildFile; fileRef = 97C146FF1CF9000F007C117D /* LaunchScreen.storyboard */; };
		A1678043537F67146D345A7E /* libPods-Runner.a in Frameworks */ = {isa = PBXBuildFile; fileRef = F70A232303E0A3CFBF5891CE /* libPods-Runner.a */; };
		BBA63A56C0A5577387F7AEED /* libPods-RunnerTests.a in Frameworks */ = {isa = PBXBuildFile; fileRef = 73FDD4D989370ABC646AF937 /* libPods-RunnerTests.a */; };
/* End PBXBuildFile section */

/* Begin PBXContainerItemProxy section */
		331C8085294A63A400263BE5 /* PBXContainerItemProxy */ = {
			isa = PBXContainerItemProxy;
			containerPortal = 97C146E61CF9000F007C117D /* Project object */;
			proxyType = 1;
			remoteGlobalIDString = 97C146ED1CF9000F007C117D;
			remoteInfo = Runner;
		};
/* End PBXContainerItemProxy section */

/* Begin PBXCopyFilesBuildPhase section */
		9705A1C41CF9048500538489 /* Embed Frameworks */ = {
			isa = PBXCopyFilesBuildPhase;
			buildActionMask = 2147483647;
			dstPath = "";
			dstSubfolderSpec = 10;
			files = (
			);
			name = "Embed Frameworks";
			runOnlyForDeploymentPostprocessing = 0;
		};
/* End PBXCopyFilesBuildPhase section */

/* Begin PBXFileReference section */
		052983C34AE84570D9DB397B /* Pods-Runner.release.xcconfig */ = {isa = PBXFileReference; includeInIndex = 1; lastKnownFileType = text.xcconfig; name = "Pods-Runner.release.xcconfig"; path = "Target Support Files/Pods-Runner/Pods-Runner.release.xcconfig"; sourceTree = "<group>"; };
		1498D2321E8E86230040F4C2 /* GeneratedPluginRegistrant.h */ = {isa = PBXFileReference; lastKnownFileType = sourcecode.c.h; path = GeneratedPluginRegistrant.h; sourceTree = "<group>"; };
		1498D2331E8E89220040F4C2 /* GeneratedPluginRegistrant.m */ = {isa = PBXFileReference; fileEncoding = 4; lastKnownFileType = sourcecode.c.objc; path = GeneratedPluginRegistrant.m; sourceTree = "<group>"; };
		25DCF249D9AD93D69BB070C3 /* Pods-RunnerTests.debug.xcconfig */ = {isa = PBXFileReference; includeInIndex = 1; lastKnownFileType = text.xcconfig; name = "Pods-RunnerTests.debug.xcconfig"; path = "Target Support Files/Pods-RunnerTests/Pods-RunnerTests.debug.xcconfig"; sourceTree = "<group>"; };
		2DF7993247FEE43E389826F6 /* Pods-Runner.debug.xcconfig */ = {isa = PBXFileReference; includeInIndex = 1; lastKnownFileType = text.xcconfig; name = "Pods-Runner.debug.xcconfig"; path = "Target Support Files/Pods-Runner/Pods-Runner.debug.xcconfig"; sourceTree = "<group>"; };
		331C807B294A618700263BE5 /* RunnerTests.swift */ = {isa = PBXFileReference; lastKnownFileType = sourcecode.swift; path = RunnerTests.swift; sourceTree = "<group>"; };
		331C8081294A63A400263BE5 /* RunnerTests.xctest */ = {isa = PBXFileReference; explicitFileType = wrapper.cfbundle; includeInIndex = 0; path = RunnerTests.xctest; sourceTree = BUILT_PRODUCTS_DIR; };
		3B3967151E833CAA004F5970 /* AppFrameworkInfo.plist */ = {isa = PBXFileReference; fileEncoding = 4; lastKnownFileType = text.plist.xml; name = AppFrameworkInfo.plist; path = Flutter/AppFrameworkInfo.plist; sourceTree = "<group>"; };
		5509BC225E5CFFE276A6BC03 /* Pods-Runner.profile.xcconfig */ = {isa = PBXFileReference; includeInIndex = 1; lastKnownFileType = text.xcconfig; name = "Pods-Runner.profile.xcconfig"; path = "Target Support Files/Pods-Runner/Pods-Runner.profile.xcconfig"; sourceTree = "<group>"; };
		6B214EF79711AA151CA1D2A2 /* Pods-RunnerTests.profile.xcconfig */ = {isa = PBXFileReference; includeInIndex = 1; lastKnownFileType = text.xcconfig; name = "Pods-RunnerTests.profile.xcconfig"; path = "Target Support Files/Pods-RunnerTests/Pods-RunnerTests.profile.xcconfig"; sourceTree = "<group>"; };
		73FDD4D989370ABC646AF937 /* libPods-RunnerTests.a */ = {isa = PBXFileReference; explicitFileType = archive.ar; includeInIndex = 0; path = "libPods-RunnerTests.a"; sourceTree = BUILT_PRODUCTS_DIR; };
		74858FAD1ED2DC5600515810 /* Runner-Bridging-Header.h */ = {isa = PBXFileReference; lastKnownFileType = sourcecode.c.h; path = "Runner-Bridging-Header.h"; sourceTree = "<group>"; };
		74858FAE1ED2DC5600515810 /* AppDelegate.swift */ = {isa = PBXFileReference; fileEncoding = 4; lastKnownFileType = sourcecode.swift; path = AppDelegate.swift; sourceTree = "<group>"; };
		7AFA3C8E1D35360C0083082E /* Release.xcconfig */ = {isa = PBXFileReference; lastKnownFileType = text.xcconfig; name = Release.xcconfig; path = Flutter/Release.xcconfig; sourceTree = "<group>"; };
		9740EEB21CF90195004384FC /* Debug.xcconfig */ = {isa = PBXFileReference; fileEncoding = 4; lastKnownFileType = text.xcconfig; name = Debug.xcconfig; path = Flutter/Debug.xcconfig; sourceTree = "<group>"; };
		9740EEB31CF90195004384FC /* Generated.xcconfig */ = {isa = PBXFileReference; fileEncoding = 4; lastKnownFileType = text.xcconfig; name = Generated.xcconfig; path = Flutter/Generated.xcconfig; sourceTree = "<group>"; };
		97C146EE1CF9000F007C117D /* Runner.app */ = {isa = PBXFileReference; explicitFileType = wrapper.application; includeInIndex = 0; path = Runner.app; sourceTree = BUILT_PRODUCTS_DIR; };
		97C146FB1CF9000F007C117D /* Base */ = {isa = PBXFileReference; lastKnownFileType = file.storyboard; name = Base; path = Base.lproj/Main.storyboard; sourceTree = "<group>"; };
		97C146FD1CF9000F007C117D /* Assets.xcassets */ = {isa = PBXFileReference; lastKnownFileType = folder.assetcatalog; path = Assets.xcassets; sourceTree = "<group>"; };
		97C147001CF9000F007C117D /* Base */ = {isa = PBXFileReference; lastKnownFileType = file.storyboard; name = Base; path = Base.lproj/LaunchScreen.storyboard; sourceTree = "<group>"; };
		97C147021CF9000F007C117D /* Info.plist */ = {isa = PBXFileReference; lastKnownFileType = text.plist.xml; path = Info.plist; sourceTree = "<group>"; };
		CACD49FACF2EA4928F4FA94B /* Pods-RunnerTests.release.xcconfig */ = {isa = PBXFileReference; includeInIndex = 1; lastKnownFileType = text.xcconfig; name = "Pods-RunnerTests.release.xcconfig"; path = "Target Support Files/Pods-RunnerTests/Pods-RunnerTests.release.xcconfig"; sourceTree = "<group>"; };
		EB4458D02DD136AB00C7FB87 /* audioplayers_darwin.modulemap */ = {isa = PBXFileReference; lastKnownFileType = "sourcecode.module-map"; path = audioplayers_darwin.modulemap; sourceTree = "<group>"; };
		EB4458D12DD136AB00C7FB87 /* audioplayers_darwin-dummy.m */ = {isa = PBXFileReference; lastKnownFileType = sourcecode.c.objc; path = "audioplayers_darwin-dummy.m"; sourceTree = "<group>"; };
		EB4458D22DD136AB00C7FB87 /* audioplayers_darwin-prefix.pch */ = {isa = PBXFileReference; lastKnownFileType = sourcecode.c.h; path = "audioplayers_darwin-prefix.pch"; sourceTree = "<group>"; };
		EB4458D32DD136AB00C7FB87 /* audioplayers_darwin-umbrella.h */ = {isa = PBXFileReference; lastKnownFileType = sourcecode.c.h; path = "audioplayers_darwin-umbrella.h"; sourceTree = "<group>"; };
		EB4458D42DD136AB00C7FB87 /* audioplayers_darwin.debug.xcconfig */ = {isa = PBXFileReference; lastKnownFileType = text.xcconfig; path = audioplayers_darwin.debug.xcconfig; sourceTree = "<group>"; };
		EB4458D52DD136AB00C7FB87 /* audioplayers_darwin.release.xcconfig */ = {isa = PBXFileReference; lastKnownFileType = text.xcconfig; path = audioplayers_darwin.release.xcconfig; sourceTree = "<group>"; };
		EB4458D72DD136AB00C7FB87 /* device_info_plus.modulemap */ = {isa = PBXFileReference; lastKnownFileType = "sourcecode.module-map"; path = device_info_plus.modulemap; sourceTree = "<group>"; };
		EB4458D82DD136AB00C7FB87 /* device_info_plus-dummy.m */ = {isa = PBXFileReference; lastKnownFileType = sourcecode.c.objc; path = "device_info_plus-dummy.m"; sourceTree = "<group>"; };
		EB4458D92DD136AB00C7FB87 /* device_info_plus-prefix.pch */ = {isa = PBXFileReference; lastKnownFileType = sourcecode.c.h; path = "device_info_plus-prefix.pch"; sourceTree = "<group>"; };
		EB4458DA2DD136AB00C7FB87 /* device_info_plus-umbrella.h */ = {isa = PBXFileReference; lastKnownFileType = sourcecode.c.h; path = "device_info_plus-umbrella.h"; sourceTree = "<group>"; };
		EB4458DB2DD136AB00C7FB87 /* device_info_plus.debug.xcconfig */ = {isa = PBXFileReference; lastKnownFileType = text.xcconfig; path = device_info_plus.debug.xcconfig; sourceTree = "<group>"; };
		EB4458DC2DD136AB00C7FB87 /* device_info_plus.release.xcconfig */ = {isa = PBXFileReference; lastKnownFileType = text.xcconfig; path = device_info_plus.release.xcconfig; sourceTree = "<group>"; };
		EB4458DD2DD136AB00C7FB87 /* ResourceBundle-device_info_plus_privacy-device_info_plus-Info.plist */ = {isa = PBXFileReference; lastKnownFileType = text.plist.xml; path = "ResourceBundle-device_info_plus_privacy-device_info_plus-Info.plist"; sourceTree = "<group>"; };
		EB4458DF2DD136AB00C7FB87 /* Flutter.debug.xcconfig */ = {isa = PBXFileReference; lastKnownFileType = text.xcconfig; path = Flutter.debug.xcconfig; sourceTree = "<group>"; };
		EB4458E02DD136AB00C7FB87 /* Flutter.release.xcconfig */ = {isa = PBXFileReference; lastKnownFileType = text.xcconfig; path = Flutter.release.xcconfig; sourceTree = "<group>"; };
		EB4458E22DD136AB00C7FB87 /* path_provider_foundation.modulemap */ = {isa = PBXFileReference; lastKnownFileType = "sourcecode.module-map"; path = path_provider_foundation.modulemap; sourceTree = "<group>"; };
		EB4458E32DD136AB00C7FB87 /* path_provider_foundation-dummy.m */ = {isa = PBXFileReference; lastKnownFileType = sourcecode.c.objc; path = "path_provider_foundation-dummy.m"; sourceTree = "<group>"; };
		EB4458E42DD136AB00C7FB87 /* path_provider_foundation-prefix.pch */ = {isa = PBXFileReference; lastKnownFileType = sourcecode.c.h; path = "path_provider_foundation-prefix.pch"; sourceTree = "<group>"; };
		EB4458E52DD136AB00C7FB87 /* path_provider_foundation-umbrella.h */ = {isa = PBXFileReference; lastKnownFileType = sourcecode.c.h; path = "path_provider_foundation-umbrella.h"; sourceTree = "<group>"; };
		EB4458E62DD136AB00C7FB87 /* path_provider_foundation.debug.xcconfig */ = {isa = PBXFileReference; lastKnownFileType = text.xcconfig; path = path_provider_foundation.debug.xcconfig; sourceTree = "<group>"; };
		EB4458E72DD136AB00C7FB87 /* path_provider_foundation.release.xcconfig */ = {isa = PBXFileReference; lastKnownFileType = text.xcconfig; path = path_provider_foundation.release.xcconfig; sourceTree = "<group>"; };
		EB4458E82DD136AB00C7FB87 /* ResourceBundle-path_provider_foundation_privacy-path_provider_foundation-Info.plist */ = {isa = PBXFileReference; lastKnownFileType = text.plist.xml; path = "ResourceBundle-path_provider_foundation_privacy-path_provider_foundation-Info.plist"; sourceTree = "<group>"; };
		EB4458EA2DD136AB00C7FB87 /* Pods-Runner.modulemap */ = {isa = PBXFileReference; lastKnownFileType = "sourcecode.module-map"; path = "Pods-Runner.modulemap"; sourceTree = "<group>"; };
		EB4458EB2DD136AB00C7FB87 /* Pods-Runner-acknowledgements.markdown */ = {isa = PBXFileReference; lastKnownFileType = net.daringfireball.markdown; path = "Pods-Runner-acknowledgements.markdown"; sourceTree = "<group>"; };
		EB4458EC2DD136AB00C7FB87 /* Pods-Runner-acknowledgements.plist */ = {isa = PBXFileReference; lastKnownFileType = text.plist.xml; path = "Pods-Runner-acknowledgements.plist"; sourceTree = "<group>"; };
		EB4458ED2DD136AB00C7FB87 /* Pods-Runner-dummy.m */ = {isa = PBXFileReference; lastKnownFileType = sourcecode.c.objc; path = "Pods-Runner-dummy.m"; sourceTree = "<group>"; };
		EB4458EE2DD136AB00C7FB87 /* Pods-Runner-resources.sh */ = {isa = PBXFileReference; lastKnownFileType = text.script.sh; path = "Pods-Runner-resources.sh"; sourceTree = "<group>"; };
		EB4458EF2DD136AB00C7FB87 /* Pods-Runner-resources-Debug-input-files.xcfilelist */ = {isa = PBXFileReference; lastKnownFileType = text.xcfilelist; path = "Pods-Runner-resources-Debug-input-files.xcfilelist"; sourceTree = "<group>"; };
		EB4458F02DD136AB00C7FB87 /* Pods-Runner-resources-Debug-output-files.xcfilelist */ = {isa = PBXFileReference; lastKnownFileType = text.xcfilelist; path = "Pods-Runner-resources-Debug-output-files.xcfilelist"; sourceTree = "<group>"; };
		EB4458F12DD136AB00C7FB87 /* Pods-Runner-resources-Profile-input-files.xcfilelist */ = {isa = PBXFileReference; lastKnownFileType = text.xcfilelist; path = "Pods-Runner-resources-Profile-input-files.xcfilelist"; sourceTree = "<group>"; };
		EB4458F22DD136AB00C7FB87 /* Pods-Runner-resources-Profile-output-files.xcfilelist */ = {isa = PBXFileReference; lastKnownFileType = text.xcfilelist; path = "Pods-Runner-resources-Profile-output-files.xcfilelist"; sourceTree = "<group>"; };
		EB4458F32DD136AB00C7FB87 /* Pods-Runner-resources-Release-input-files.xcfilelist */ = {isa = PBXFileReference; lastKnownFileType = text.xcfilelist; path = "Pods-Runner-resources-Release-input-files.xcfilelist"; sourceTree = "<group>"; };
		EB4458F42DD136AB00C7FB87 /* Pods-Runner-resources-Release-output-files.xcfilelist */ = {isa = PBXFileReference; lastKnownFileType = text.xcfilelist; path = "Pods-Runner-resources-Release-output-files.xcfilelist"; sourceTree = "<group>"; };
		EB4458F52DD136AB00C7FB87 /* Pods-Runner-umbrella.h */ = {isa = PBXFileReference; lastKnownFileType = sourcecode.c.h; path = "Pods-Runner-umbrella.h"; sourceTree = "<group>"; };
		EB4458F62DD136AB00C7FB87 /* Pods-Runner.debug.xcconfig */ = {isa = PBXFileReference; lastKnownFileType = text.xcconfig; path = "Pods-Runner.debug.xcconfig"; sourceTree = "<group>"; };
		EB4458F72DD136AB00C7FB87 /* Pods-Runner.profile.xcconfig */ = {isa = PBXFileReference; lastKnownFileType = text.xcconfig; path = "Pods-Runner.profile.xcconfig"; sourceTree = "<group>"; };
		EB4458F82DD136AB00C7FB87 /* Pods-Runner.release.xcconfig */ = {isa = PBXFileReference; lastKnownFileType = text.xcconfig; path = "Pods-Runner.release.xcconfig"; sourceTree = "<group>"; };
		EB4458FA2DD136AB00C7FB87 /* Pods-RunnerTests-acknowledgements.markdown */ = {isa = PBXFileReference; lastKnownFileType = net.daringfireball.markdown; path = "Pods-RunnerTests-acknowledgements.markdown"; sourceTree = "<group>"; };
		EB4458FB2DD136AB00C7FB87 /* Pods-RunnerTests-acknowledgements.plist */ = {isa = PBXFileReference; lastKnownFileType = text.plist.xml; path = "Pods-RunnerTests-acknowledgements.plist"; sourceTree = "<group>"; };
		EB4458FC2DD136AB00C7FB87 /* Pods-RunnerTests-dummy.m */ = {isa = PBXFileReference; lastKnownFileType = sourcecode.c.objc; path = "Pods-RunnerTests-dummy.m"; sourceTree = "<group>"; };
		EB4458FD2DD136AB00C7FB87 /* Pods-RunnerTests.debug.xcconfig */ = {isa = PBXFileReference; lastKnownFileType = text.xcconfig; path = "Pods-RunnerTests.debug.xcconfig"; sourceTree = "<group>"; };
		EB4458FE2DD136AB00C7FB87 /* Pods-RunnerTests.profile.xcconfig */ = {isa = PBXFileReference; lastKnownFileType = text.xcconfig; path = "Pods-RunnerTests.profile.xcconfig"; sourceTree = "<group>"; };
		EB4458FF2DD136AB00C7FB87 /* Pods-RunnerTests.release.xcconfig */ = {isa = PBXFileReference; lastKnownFileType = text.xcconfig; path = "Pods-RunnerTests.release.xcconfig"; sourceTree = "<group>"; };
		EB4459012DD136AB00C7FB87 /* sensors_plus.modulemap */ = {isa = PBXFileReference; lastKnownFileType = "sourcecode.module-map"; path = sensors_plus.modulemap; sourceTree = "<group>"; };
		EB4459022DD136AB00C7FB87 /* sensors_plus-dummy.m */ = {isa = PBXFileReference; lastKnownFileType = sourcecode.c.objc; path = "sensors_plus-dummy.m"; sourceTree = "<group>"; };
		EB4459032DD136AB00C7FB87 /* sensors_plus-prefix.pch */ = {isa = PBXFileReference; lastKnownFileType = sourcecode.c.h; path = "sensors_plus-prefix.pch"; sourceTree = "<group>"; };
		EB4459042DD136AB00C7FB87 /* sensors_plus-umbrella.h */ = {isa = PBXFileReference; lastKnownFileType = sourcecode.c.h; path = "sensors_plus-umbrella.h"; sourceTree = "<group>"; };
		EB4459052DD136AB00C7FB87 /* sensors_plus.debug.xcconfig */ = {isa = PBXFileReference; lastKnownFileType = text.xcconfig; path = sensors_plus.debug.xcconfig; sourceTree = "<group>"; };
		EB4459062DD136AB00C7FB87 /* sensors_plus.release.xcconfig */ = {isa = PBXFileReference; lastKnownFileType = text.xcconfig; path = sensors_plus.release.xcconfig; sourceTree = "<group>"; };
		EB4459082DD136AB00C7FB87 /* ResourceBundle-shared_preferences_foundation_privacy-shared_preferences_foundation-Info.plist */ = {isa = PBXFileReference; lastKnownFileType = text.plist.xml; path = "ResourceBundle-shared_preferences_foundation_privacy-shared_preferences_foundation-Info.plist"; sourceTree = "<group>"; };
		EB4459092DD136AB00C7FB87 /* shared_preferences_foundation.modulemap */ = {isa = PBXFileReference; lastKnownFileType = "sourcecode.module-map"; path = shared_preferences_foundation.modulemap; sourceTree = "<group>"; };
		EB44590A2DD136AB00C7FB87 /* shared_preferences_foundation-dummy.m */ = {isa = PBXFileReference; lastKnownFileType = sourcecode.c.objc; path = "shared_preferences_foundation-dummy.m"; sourceTree = "<group>"; };
		EB44590B2DD136AB00C7FB87 /* shared_preferences_foundation-prefix.pch */ = {isa = PBXFileReference; lastKnownFileType = sourcecode.c.h; path = "shared_preferences_foundation-prefix.pch"; sourceTree = "<group>"; };
		EB44590C2DD136AB00C7FB87 /* shared_preferences_foundation-umbrella.h */ = {isa = PBXFileReference; lastKnownFileType = sourcecode.c.h; path = "shared_preferences_foundation-umbrella.h"; sourceTree = "<group>"; };
		EB44590D2DD136AB00C7FB87 /* shared_preferences_foundation.debug.xcconfig */ = {isa = PBXFileReference; lastKnownFileType = text.xcconfig; path = shared_preferences_foundation.debug.xcconfig; sourceTree = "<group>"; };
		EB44590E2DD136AB00C7FB87 /* shared_preferences_foundation.release.xcconfig */ = {isa = PBXFileReference; lastKnownFileType = text.xcconfig; path = shared_preferences_foundation.release.xcconfig; sourceTree = "<group>"; };
		EB4459102DD136AB00C7FB87 /* vibration.modulemap */ = {isa = PBXFileReference; lastKnownFileType = "sourcecode.module-map"; path = vibration.modulemap; sourceTree = "<group>"; };
		EB4459112DD136AB00C7FB87 /* vibration-dummy.m */ = {isa = PBXFileReference; lastKnownFileType = sourcecode.c.objc; path = "vibration-dummy.m"; sourceTree = "<group>"; };
		EB4459122DD136AB00C7FB87 /* vibration-prefix.pch */ = {isa = PBXFileReference; lastKnownFileType = sourcecode.c.h; path = "vibration-prefix.pch"; sourceTree = "<group>"; };
		EB4459132DD136AB00C7FB87 /* vibration-umbrella.h */ = {isa = PBXFileReference; lastKnownFileType = sourcecode.c.h; path = "vibration-umbrella.h"; sourceTree = "<group>"; };
		EB4459142DD136AB00C7FB87 /* vibration.debug.xcconfig */ = {isa = PBXFileReference; lastKnownFileType = text.xcconfig; path = vibration.debug.xcconfig; sourceTree = "<group>"; };
		EB4459152DD136AB00C7FB87 /* vibration.release.xcconfig */ = {isa = PBXFileReference; lastKnownFileType = text.xcconfig; path = vibration.release.xcconfig; sourceTree = "<group>"; };
		F70A232303E0A3CFBF5891CE /* libPods-Runner.a */ = {isa = PBXFileReference; explicitFileType = archive.ar; includeInIndex = 0; path = "libPods-Runner.a"; sourceTree = BUILT_PRODUCTS_DIR; };
/* End PBXFileReference section */

/* Begin PBXFrameworksBuildPhase section */
		97C146EB1CF9000F007C117D /* Frameworks */ = {
			isa = PBXFrameworksBuildPhase;
			buildActionMask = 2147483647;
			files = (
				A1678043537F67146D345A7E /* libPods-Runner.a in Frameworks */,
			);
			runOnlyForDeploymentPostprocessing = 0;
		};
		CC0FEC6D7A422781659A1660 /* Frameworks */ = {
			isa = PBXFrameworksBuildPhase;
			buildActionMask = 2147483647;
			files = (
				BBA63A56C0A5577387F7AEED /* libPods-RunnerTests.a in Frameworks */,
			);
			runOnlyForDeploymentPostprocessing = 0;
		};
/* End PBXFrameworksBuildPhase section */

/* Begin PBXGroup section */
		1A4BB5909A90481919B4E1FD /* Pods */ = {
			isa = PBXGroup;
			children = (
				2DF7993247FEE43E389826F6 /* Pods-Runner.debug.xcconfig */,
				052983C34AE84570D9DB397B /* Pods-Runner.release.xcconfig */,
				5509BC225E5CFFE276A6BC03 /* Pods-Runner.profile.xcconfig */,
				25DCF249D9AD93D69BB070C3 /* Pods-RunnerTests.debug.xcconfig */,
				CACD49FACF2EA4928F4FA94B /* Pods-RunnerTests.release.xcconfig */,
				6B214EF79711AA151CA1D2A2 /* Pods-RunnerTests.profile.xcconfig */,
			);
			path = Pods;
			sourceTree = "<group>";
		};
		331C8082294A63A400263BE5 /* RunnerTests */ = {
			isa = PBXGroup;
			children = (
				331C807B294A618700263BE5 /* RunnerTests.swift */,
			);
			path = RunnerTests;
			sourceTree = "<group>";
		};
		9740EEB11CF90186004384FC /* Flutter */ = {
			isa = PBXGroup;
			children = (
				3B3967151E833CAA004F5970 /* AppFrameworkInfo.plist */,
				9740EEB21CF90195004384FC /* Debug.xcconfig */,
				7AFA3C8E1D35360C0083082E /* Release.xcconfig */,
				9740EEB31CF90195004384FC /* Generated.xcconfig */,
			);
			name = Flutter;
			sourceTree = "<group>";
		};
		97C146E51CF9000F007C117D = {
			isa = PBXGroup;
			children = (
				EB4459172DD136AB00C7FB87 /* Target Support Files */,
				9740EEB11CF90186004384FC /* Flutter */,
				97C146F01CF9000F007C117D /* Runner */,
				97C146EF1CF9000F007C117D /* Products */,
				331C8082294A63A400263BE5 /* RunnerTests */,
				1A4BB5909A90481919B4E1FD /* Pods */,
				EDD0AB6ABC63E7F0E087A488 /* Frameworks */,
			);
			sourceTree = "<group>";
		};
		97C146EF1CF9000F007C117D /* Products */ = {
			isa = PBXGroup;
			children = (
				97C146EE1CF9000F007C117D /* Runner.app */,
				331C8081294A63A400263BE5 /* RunnerTests.xctest */,
			);
			name = Products;
			sourceTree = "<group>";
		};
		97C146F01CF9000F007C117D /* Runner */ = {
			isa = PBXGroup;
			children = (
				97C146FA1CF9000F007C117D /* Main.storyboard */,
				97C146FD1CF9000F007C117D /* Assets.xcassets */,
				97C146FF1CF9000F007C117D /* LaunchScreen.storyboard */,
				97C147021CF9000F007C117D /* Info.plist */,
				1498D2321E8E86230040F4C2 /* GeneratedPluginRegistrant.h */,
				1498D2331E8E89220040F4C2 /* GeneratedPluginRegistrant.m */,
				74858FAE1ED2DC5600515810 /* AppDelegate.swift */,
				74858FAD1ED2DC5600515810 /* Runner-Bridging-Header.h */,
			);
			path = Runner;
			sourceTree = "<group>";
		};
		EB4458D62DD136AB00C7FB87 /* audioplayers_darwin */ = {
			isa = PBXGroup;
			children = (
				EB4458D02DD136AB00C7FB87 /* audioplayers_darwin.modulemap */,
				EB4458D12DD136AB00C7FB87 /* audioplayers_darwin-dummy.m */,
				EB4458D22DD136AB00C7FB87 /* audioplayers_darwin-prefix.pch */,
				EB4458D32DD136AB00C7FB87 /* audioplayers_darwin-umbrella.h */,
				EB4458D42DD136AB00C7FB87 /* audioplayers_darwin.debug.xcconfig */,
				EB4458D52DD136AB00C7FB87 /* audioplayers_darwin.release.xcconfig */,
			);
			path = audioplayers_darwin;
			sourceTree = "<group>";
		};
		EB4458DE2DD136AB00C7FB87 /* device_info_plus */ = {
			isa = PBXGroup;
			children = (
				EB4458D72DD136AB00C7FB87 /* device_info_plus.modulemap */,
				EB4458D82DD136AB00C7FB87 /* device_info_plus-dummy.m */,
				EB4458D92DD136AB00C7FB87 /* device_info_plus-prefix.pch */,
				EB4458DA2DD136AB00C7FB87 /* device_info_plus-umbrella.h */,
				EB4458DB2DD136AB00C7FB87 /* device_info_plus.debug.xcconfig */,
				EB4458DC2DD136AB00C7FB87 /* device_info_plus.release.xcconfig */,
				EB4458DD2DD136AB00C7FB87 /* ResourceBundle-device_info_plus_privacy-device_info_plus-Info.plist */,
			);
			path = device_info_plus;
			sourceTree = "<group>";
		};
		EB4458E12DD136AB00C7FB87 /* Flutter */ = {
			isa = PBXGroup;
			children = (
				EB4458DF2DD136AB00C7FB87 /* Flutter.debug.xcconfig */,
				EB4458E02DD136AB00C7FB87 /* Flutter.release.xcconfig */,
			);
			path = Flutter;
			sourceTree = "<group>";
		};
		EB4458E92DD136AB00C7FB87 /* path_provider_foundation */ = {
			isa = PBXGroup;
			children = (
				EB4458E22DD136AB00C7FB87 /* path_provider_foundation.modulemap */,
				EB4458E32DD136AB00C7FB87 /* path_provider_foundation-dummy.m */,
				EB4458E42DD136AB00C7FB87 /* path_provider_foundation-prefix.pch */,
				EB4458E52DD136AB00C7FB87 /* path_provider_foundation-umbrella.h */,
				EB4458E62DD136AB00C7FB87 /* path_provider_foundation.debug.xcconfig */,
				EB4458E72DD136AB00C7FB87 /* path_provider_foundation.release.xcconfig */,
				EB4458E82DD136AB00C7FB87 /* ResourceBundle-path_provider_foundation_privacy-path_provider_foundation-Info.plist */,
			);
			path = path_provider_foundation;
			sourceTree = "<group>";
		};
		EB4458F92DD136AB00C7FB87 /* Pods-Runner */ = {
			isa = PBXGroup;
			children = (
				EB4458EA2DD136AB00C7FB87 /* Pods-Runner.modulemap */,
				EB4458EB2DD136AB00C7FB87 /* Pods-Runner-acknowledgements.markdown */,
				EB4458EC2DD136AB00C7FB87 /* Pods-Runner-acknowledgements.plist */,
				EB4458ED2DD136AB00C7FB87 /* Pods-Runner-dummy.m */,
				EB4458EE2DD136AB00C7FB87 /* Pods-Runner-resources.sh */,
				EB4458EF2DD136AB00C7FB87 /* Pods-Runner-resources-Debug-input-files.xcfilelist */,
				EB4458F02DD136AB00C7FB87 /* Pods-Runner-resources-Debug-output-files.xcfilelist */,
				EB4458F12DD136AB00C7FB87 /* Pods-Runner-resources-Profile-input-files.xcfilelist */,
				EB4458F22DD136AB00C7FB87 /* Pods-Runner-resources-Profile-output-files.xcfilelist */,
				EB4458F32DD136AB00C7FB87 /* Pods-Runner-resources-Release-input-files.xcfilelist */,
				EB4458F42DD136AB00C7FB87 /* Pods-Runner-resources-Release-output-files.xcfilelist */,
				EB4458F52DD136AB00C7FB87 /* Pods-Runner-umbrella.h */,
				EB4458F62DD136AB00C7FB87 /* Pods-Runner.debug.xcconfig */,
				EB4458F72DD136AB00C7FB87 /* Pods-Runner.profile.xcconfig */,
				EB4458F82DD136AB00C7FB87 /* Pods-Runner.release.xcconfig */,
			);
			path = "Pods-Runner";
			sourceTree = "<group>";
		};
		EB4459002DD136AB00C7FB87 /* Pods-RunnerTests */ = {
			isa = PBXGroup;
			children = (
				EB4458FA2DD136AB00C7FB87 /* Pods-RunnerTests-acknowledgements.markdown */,
				EB4458FB2DD136AB00C7FB87 /* Pods-RunnerTests-acknowledgements.plist */,
				EB4458FC2DD136AB00C7FB87 /* Pods-RunnerTests-dummy.m */,
				EB4458FD2DD136AB00C7FB87 /* Pods-RunnerTests.debug.xcconfig */,
				EB4458FE2DD136AB00C7FB87 /* Pods-RunnerTests.profile.xcconfig */,
				EB4458FF2DD136AB00C7FB87 /* Pods-RunnerTests.release.xcconfig */,
			);
			path = "Pods-RunnerTests";
			sourceTree = "<group>";
		};
		EB4459072DD136AB00C7FB87 /* sensors_plus */ = {
			isa = PBXGroup;
			children = (
				EB4459012DD136AB00C7FB87 /* sensors_plus.modulemap */,
				EB4459022DD136AB00C7FB87 /* sensors_plus-dummy.m */,
				EB4459032DD136AB00C7FB87 /* sensors_plus-prefix.pch */,
				EB4459042DD136AB00C7FB87 /* sensors_plus-umbrella.h */,
				EB4459052DD136AB00C7FB87 /* sensors_plus.debug.xcconfig */,
				EB4459062DD136AB00C7FB87 /* sensors_plus.release.xcconfig */,
			);
			path = sensors_plus;
			sourceTree = "<group>";
		};
		EB44590F2DD136AB00C7FB87 /* shared_preferences_foundation */ = {
			isa = PBXGroup;
			children = (
				EB4459082DD136AB00C7FB87 /* ResourceBundle-shared_preferences_foundation_privacy-shared_preferences_foundation-Info.plist */,
				EB4459092DD136AB00C7FB87 /* shared_preferences_foundation.modulemap */,
				EB44590A2DD136AB00C7FB87 /* shared_preferences_foundation-dummy.m */,
				EB44590B2DD136AB00C7FB87 /* shared_preferences_foundation-prefix.pch */,
				EB44590C2DD136AB00C7FB87 /* shared_preferences_foundation-umbrella.h */,
				EB44590D2DD136AB00C7FB87 /* shared_preferences_foundation.debug.xcconfig */,
				EB44590E2DD136AB00C7FB87 /* shared_preferences_foundation.release.xcconfig */,
			);
			path = shared_preferences_foundation;
			sourceTree = "<group>";
		};
		EB4459162DD136AB00C7FB87 /* vibration */ = {
			isa = PBXGroup;
			children = (
				EB4459102DD136AB00C7FB87 /* vibration.modulemap */,
				EB4459112DD136AB00C7FB87 /* vibration-dummy.m */,
				EB4459122DD136AB00C7FB87 /* vibration-prefix.pch */,
				EB4459132DD136AB00C7FB87 /* vibration-umbrella.h */,
				EB4459142DD136AB00C7FB87 /* vibration.debug.xcconfig */,
				EB4459152DD136AB00C7FB87 /* vibration.release.xcconfig */,
			);
			path = vibration;
			sourceTree = "<group>";
		};
		EB4459172DD136AB00C7FB87 /* Target Support Files */ = {
			isa = PBXGroup;
			children = (
				EB4458D62DD136AB00C7FB87 /* audioplayers_darwin */,
				EB4458DE2DD136AB00C7FB87 /* device_info_plus */,
				EB4458E12DD136AB00C7FB87 /* Flutter */,
				EB4458E92DD136AB00C7FB87 /* path_provider_foundation */,
				EB4458F92DD136AB00C7FB87 /* Pods-Runner */,
				EB4459002DD136AB00C7FB87 /* Pods-RunnerTests */,
				EB4459072DD136AB00C7FB87 /* sensors_plus */,
				EB44590F2DD136AB00C7FB87 /* shared_preferences_foundation */,
				EB4459162DD136AB00C7FB87 /* vibration */,
			);
			path = "Target Support Files";
			sourceTree = "<group>";
		};
		EDD0AB6ABC63E7F0E087A488 /* Frameworks */ = {
			isa = PBXGroup;
			children = (
				F70A232303E0A3CFBF5891CE /* libPods-Runner.a */,
				73FDD4D989370ABC646AF937 /* libPods-RunnerTests.a */,
			);
			name = Frameworks;
			sourceTree = "<group>";
		};
/* End PBXGroup section */

/* Begin PBXNativeTarget section */
		331C8080294A63A400263BE5 /* RunnerTests */ = {
			isa = PBXNativeTarget;
			buildConfigurationList = 331C8087294A63A400263BE5 /* Build configuration list for PBXNativeTarget "RunnerTests" */;
			buildPhases = (
				4F9D4C5DF752A647F4F0BCAD /* [CP] Check Pods Manifest.lock */,
				331C807D294A63A400263BE5 /* Sources */,
				331C807F294A63A400263BE5 /* Resources */,
				CC0FEC6D7A422781659A1660 /* Frameworks */,
			);
			buildRules = (
			);
			dependencies = (
				331C8086294A63A400263BE5 /* PBXTargetDependency */,
			);
			name = RunnerTests;
			productName = RunnerTests;
			productReference = 331C8081294A63A400263BE5 /* RunnerTests.xctest */;
			productType = "com.apple.product-type.bundle.unit-test";
		};
		97C146ED1CF9000F007C117D /* Runner */ = {
			isa = PBXNativeTarget;
			buildConfigurationList = 97C147051CF9000F007C117D /* Build configuration list for PBXNativeTarget "Runner" */;
			buildPhases = (
				6D56D1A81FB8CBCBE77F4A45 /* [CP] Check Pods Manifest.lock */,
				9740EEB61CF901F6004384FC /* Run Script */,
				97C146EA1CF9000F007C117D /* Sources */,
				97C146EB1CF9000F007C117D /* Frameworks */,
				97C146EC1CF9000F007C117D /* Resources */,
				9705A1C41CF9048500538489 /* Embed Frameworks */,
				3B06AD1E1E4923F5004D2608 /* Thin Binary */,
				E6B813610B58562E4D7AAE15 /* [CP] Copy Pods Resources */,
			);
			buildRules = (
			);
			dependencies = (
			);
			name = Runner;
			productName = Runner;
			productReference = 97C146EE1CF9000F007C117D /* Runner.app */;
			productType = "com.apple.product-type.application";
		};
/* End PBXNativeTarget section */

/* Begin PBXProject section */
		97C146E61CF9000F007C117D /* Project object */ = {
			isa = PBXProject;
			attributes = {
				BuildIndependentTargetsInParallel = YES;
				LastUpgradeCheck = 1510;
				ORGANIZATIONNAME = "";
				TargetAttributes = {
					331C8080294A63A400263BE5 = {
						CreatedOnToolsVersion = 14.0;
						TestTargetID = 97C146ED1CF9000F007C117D;
					};
					97C146ED1CF9000F007C117D = {
						CreatedOnToolsVersion = 7.3.1;
						LastSwiftMigration = 1100;
					};
				};
			};
			buildConfigurationList = 97C146E91CF9000F007C117D /* Build configuration list for PBXProject "Runner" */;
			compatibilityVersion = "Xcode 9.3";
			developmentRegion = en;
			hasScannedForEncodings = 0;
			knownRegions = (
				en,
				Base,
			);
			mainGroup = 97C146E51CF9000F007C117D;
			productRefGroup = 97C146EF1CF9000F007C117D /* Products */;
			projectDirPath = "";
			projectRoot = "";
			targets = (
				97C146ED1CF9000F007C117D /* Runner */,
				331C8080294A63A400263BE5 /* RunnerTests */,
			);
		};
/* End PBXProject section */

/* Begin PBXResourcesBuildPhase section */
		331C807F294A63A400263BE5 /* Resources */ = {
			isa = PBXResourcesBuildPhase;
			buildActionMask = 2147483647;
			files = (
			);
			runOnlyForDeploymentPostprocessing = 0;
		};
		97C146EC1CF9000F007C117D /* Resources */ = {
			isa = PBXResourcesBuildPhase;
			buildActionMask = 2147483647;
			files = (
				97C147011CF9000F007C117D /* LaunchScreen.storyboard in Resources */,
				3B3967161E833CAA004F5970 /* AppFrameworkInfo.plist in Resources */,
				97C146FE1CF9000F007C117D /* Assets.xcassets in Resources */,
				97C146FC1CF9000F007C117D /* Main.storyboard in Resources */,
			);
			runOnlyForDeploymentPostprocessing = 0;
		};
/* End PBXResourcesBuildPhase section */

/* Begin PBXShellScriptBuildPhase section */
		3B06AD1E1E4923F5004D2608 /* Thin Binary */ = {
			isa = PBXShellScriptBuildPhase;
			alwaysOutOfDate = 1;
			buildActionMask = 2147483647;
			files = (
			);
			inputPaths = (
				"${TARGET_BUILD_DIR}/${INFOPLIST_PATH}",
			);
			name = "Thin Binary";
			outputPaths = (
			);
			runOnlyForDeploymentPostprocessing = 0;
			shellPath = /bin/sh;
			shellScript = "/bin/sh \"$FLUTTER_ROOT/packages/flutter_tools/bin/xcode_backend.sh\" embed_and_thin";
		};
		4F9D4C5DF752A647F4F0BCAD /* [CP] Check Pods Manifest.lock */ = {
			isa = PBXShellScriptBuildPhase;
			buildActionMask = 2147483647;
			files = (
			);
			inputFileListPaths = (
			);
			inputPaths = (
				"${PODS_PODFILE_DIR_PATH}/Podfile.lock",
				"${PODS_ROOT}/Manifest.lock",
			);
			name = "[CP] Check Pods Manifest.lock";
			outputFileListPaths = (
			);
			outputPaths = (
				"$(DERIVED_FILE_DIR)/Pods-RunnerTests-checkManifestLockResult.txt",
			);
			runOnlyForDeploymentPostprocessing = 0;
			shellPath = /bin/sh;
			shellScript = "diff \"${PODS_PODFILE_DIR_PATH}/Podfile.lock\" \"${PODS_ROOT}/Manifest.lock\" > /dev/null\nif [ $? != 0 ] ; then\n    # print error to STDERR\n    echo \"error: The sandbox is not in sync with the Podfile.lock. Run 'pod install' or update your CocoaPods installation.\" >&2\n    exit 1\nfi\n# This output is used by Xcode 'outputs' to avoid re-running this script phase.\necho \"SUCCESS\" > \"${SCRIPT_OUTPUT_FILE_0}\"\n";
			showEnvVarsInLog = 0;
		};
		6D56D1A81FB8CBCBE77F4A45 /* [CP] Check Pods Manifest.lock */ = {
			isa = PBXShellScriptBuildPhase;
			buildActionMask = 2147483647;
			files = (
			);
			inputFileListPaths = (
			);
			inputPaths = (
				"${PODS_PODFILE_DIR_PATH}/Podfile.lock",
				"${PODS_ROOT}/Manifest.lock",
			);
			name = "[CP] Check Pods Manifest.lock";
			outputFileListPaths = (
			);
			outputPaths = (
				"$(DERIVED_FILE_DIR)/Pods-Runner-checkManifestLockResult.txt",
			);
			runOnlyForDeploymentPostprocessing = 0;
			shellPath = /bin/sh;
			shellScript = "diff \"${PODS_PODFILE_DIR_PATH}/Podfile.lock\" \"${PODS_ROOT}/Manifest.lock\" > /dev/null\nif [ $? != 0 ] ; then\n    # print error to STDERR\n    echo \"error: The sandbox is not in sync with the Podfile.lock. Run 'pod install' or update your CocoaPods installation.\" >&2\n    exit 1\nfi\n# This output is used by Xcode 'outputs' to avoid re-running this script phase.\necho \"SUCCESS\" > \"${SCRIPT_OUTPUT_FILE_0}\"\n";
			showEnvVarsInLog = 0;
		};
		9740EEB61CF901F6004384FC /* Run Script */ = {
			isa = PBXShellScriptBuildPhase;
			alwaysOutOfDate = 1;
			buildActionMask = 2147483647;
			files = (
			);
			inputPaths = (
			);
			name = "Run Script";
			outputPaths = (
			);
			runOnlyForDeploymentPostprocessing = 0;
			shellPath = /bin/sh;
			shellScript = "/bin/sh \"$FLUTTER_ROOT/packages/flutter_tools/bin/xcode_backend.sh\" build";
		};
		E6B813610B58562E4D7AAE15 /* [CP] Copy Pods Resources */ = {
			isa = PBXShellScriptBuildPhase;
			buildActionMask = 2147483647;
			files = (
			);
			inputFileListPaths = (
				"${PODS_ROOT}/Target Support Files/Pods-Runner/Pods-Runner-resources-${CONFIGURATION}-input-files.xcfilelist",
			);
			name = "[CP] Copy Pods Resources";
			outputFileListPaths = (
				"${PODS_ROOT}/Target Support Files/Pods-Runner/Pods-Runner-resources-${CONFIGURATION}-output-files.xcfilelist",
			);
			runOnlyForDeploymentPostprocessing = 0;
			shellPath = /bin/sh;
			shellScript = "\"${PODS_ROOT}/Target Support Files/Pods-Runner/Pods-Runner-resources.sh\"\n";
			showEnvVarsInLog = 0;
		};
/* End PBXShellScriptBuildPhase section */

/* Begin PBXSourcesBuildPhase section */
		331C807D294A63A400263BE5 /* Sources */ = {
			isa = PBXSourcesBuildPhase;
			buildActionMask = 2147483647;
			files = (
				331C808B294A63AB00263BE5 /* RunnerTests.swift in Sources */,
			);
			runOnlyForDeploymentPostprocessing = 0;
		};
		97C146EA1CF9000F007C117D /* Sources */ = {
			isa = PBXSourcesBuildPhase;
			buildActionMask = 2147483647;
			files = (
				74858FAF1ED2DC5600515810 /* AppDelegate.swift in Sources */,
				1498D2341E8E89220040F4C2 /* GeneratedPluginRegistrant.m in Sources */,
			);
			runOnlyForDeploymentPostprocessing = 0;
		};
/* End PBXSourcesBuildPhase section */

/* Begin PBXTargetDependency section */
		331C8086294A63A400263BE5 /* PBXTargetDependency */ = {
			isa = PBXTargetDependency;
			target = 97C146ED1CF9000F007C117D /* Runner */;
			targetProxy = 331C8085294A63A400263BE5 /* PBXContainerItemProxy */;
		};
/* End PBXTargetDependency section */

/* Begin PBXVariantGroup section */
		97C146FA1CF9000F007C117D /* Main.storyboard */ = {
			isa = PBXVariantGroup;
			children = (
				97C146FB1CF9000F007C117D /* Base */,
			);
			name = Main.storyboard;
			sourceTree = "<group>";
		};
		97C146FF1CF9000F007C117D /* LaunchScreen.storyboard */ = {
			isa = PBXVariantGroup;
			children = (
				97C147001CF9000F007C117D /* Base */,
			);
			name = LaunchScreen.storyboard;
			sourceTree = "<group>";
		};
/* End PBXVariantGroup section */

/* Begin XCBuildConfiguration section */
		249021D3217E4FDB00AE95B9 /* Profile */ = {
			isa = XCBuildConfiguration;
			buildSettings = {
				ALWAYS_SEARCH_USER_PATHS = NO;
				ASSETCATALOG_COMPILER_GENERATE_SWIFT_ASSET_SYMBOL_EXTENSIONS = YES;
				CLANG_ANALYZER_NONNULL = YES;
				CLANG_CXX_LANGUAGE_STANDARD = "gnu++0x";
				CLANG_CXX_LIBRARY = "libc++";
				CLANG_ENABLE_MODULES = YES;
				CLANG_ENABLE_OBJC_ARC = YES;
				CLANG_WARN_BLOCK_CAPTURE_AUTORELEASING = YES;
				CLANG_WARN_BOOL_CONVERSION = YES;
				CLANG_WARN_COMMA = YES;
				CLANG_WARN_CONSTANT_CONVERSION = YES;
				CLANG_WARN_DEPRECATED_OBJC_IMPLEMENTATIONS = NO;
				CLANG_WARN_DIRECT_OBJC_ISA_USAGE = YES_ERROR;
				CLANG_WARN_EMPTY_BODY = YES;
				CLANG_WARN_ENUM_CONVERSION = YES;
				CLANG_WARN_INFINITE_RECURSION = YES;
				CLANG_WARN_INT_CONVERSION = YES;
				CLANG_WARN_NON_LITERAL_NULL_CONVERSION = YES;
				CLANG_WARN_OBJC_IMPLICIT_RETAIN_SELF = YES;
				CLANG_WARN_OBJC_LITERAL_CONVERSION = YES;
				CLANG_WARN_OBJC_ROOT_CLASS = YES_ERROR;
				CLANG_WARN_RANGE_LOOP_ANALYSIS = YES;
				CLANG_WARN_STRICT_PROTOTYPES = YES;
				CLANG_WARN_SUSPICIOUS_MOVE = YES;
				CLANG_WARN_UNREACHABLE_CODE = YES;
				CLANG_WARN__DUPLICATE_METHOD_MATCH = YES;
				"CODE_SIGN_IDENTITY[sdk=iphoneos*]" = "iPhone Developer";
				COPY_PHASE_STRIP = NO;
				DEBUG_INFORMATION_FORMAT = "dwarf-with-dsym";
				ENABLE_NS_ASSERTIONS = NO;
				ENABLE_STRICT_OBJC_MSGSEND = YES;
				ENABLE_USER_SCRIPT_SANDBOXING = NO;
				GCC_C_LANGUAGE_STANDARD = gnu99;
				GCC_NO_COMMON_BLOCKS = YES;
				GCC_WARN_64_TO_32_BIT_CONVERSION = YES;
				GCC_WARN_ABOUT_RETURN_TYPE = YES_ERROR;
				GCC_WARN_INHIBIT_ALL_WARNINGS = YES;
				GCC_WARN_UNDECLARED_SELECTOR = YES;
				GCC_WARN_UNINITIALIZED_AUTOS = YES_AGGRESSIVE;
				GCC_WARN_UNUSED_FUNCTION = YES;
				GCC_WARN_UNUSED_VARIABLE = YES;
				IPHONEOS_DEPLOYMENT_TARGET = 12.0;
				MTL_ENABLE_DEBUG_INFO = NO;
				SDKROOT = iphoneos;
				SUPPORTED_PLATFORMS = iphoneos;
				SWIFT_SUPPRESS_WARNINGS = YES;
				TARGETED_DEVICE_FAMILY = "1,2";
				VALIDATE_PRODUCT = YES;
			};
			name = Profile;
		};
		249021D4217E4FDB00AE95B9 /* Profile */ = {
			isa = XCBuildConfiguration;
			baseConfigurationReference = 7AFA3C8E1D35360C0083082E /* Release.xcconfig */;
			buildSettings = {
				ASSETCATALOG_COMPILER_APPICON_NAME = AppIcon;
				CLANG_ENABLE_MODULES = YES;
				CLANG_WARN_DEPRECATED_OBJC_IMPLEMENTATIONS = NO;
				CURRENT_PROJECT_VERSION = "$(FLUTTER_BUILD_NUMBER)";
				DEVELOPMENT_TEAM = 79LUMW844N;
				ENABLE_BITCODE = NO;
				GCC_WARN_INHIBIT_ALL_WARNINGS = YES;
				INFOPLIST_FILE = Runner/Info.plist;
				LD_RUNPATH_SEARCH_PATHS = (
					"$(inherited)",
					"@executable_path/Frameworks",
				);
				PRODUCT_BUNDLE_IDENTIFIER = com.shinyanagashima.gyroscopeSensor;
				PRODUCT_NAME = "$(TARGET_NAME)";
				SWIFT_OBJC_BRIDGING_HEADER = "Runner/Runner-Bridging-Header.h";
				SWIFT_SUPPRESS_WARNINGS = YES;
				SWIFT_VERSION = 5.0;
				VERSIONING_SYSTEM = "apple-generic";
			};
			name = Profile;
		};
		331C8088294A63A400263BE5 /* Debug */ = {
			isa = XCBuildConfiguration;
			baseConfigurationReference = 25DCF249D9AD93D69BB070C3 /* Pods-RunnerTests.debug.xcconfig */;
			buildSettings = {
				BUNDLE_LOADER = "$(TEST_HOST)";
				CLANG_WARN_DEPRECATED_OBJC_IMPLEMENTATIONS = NO;
				CODE_SIGN_STYLE = Automatic;
				CURRENT_PROJECT_VERSION = 1;
				DEVELOPMENT_TEAM = 79LUMW844N;
				GCC_WARN_INHIBIT_ALL_WARNINGS = YES;
				GENERATE_INFOPLIST_FILE = YES;
				MARKETING_VERSION = 1.0;
				PRODUCT_BUNDLE_IDENTIFIER = com.gyroscopeSensor.RunnerTests;
				PRODUCT_NAME = "$(TARGET_NAME)";
				SWIFT_ACTIVE_COMPILATION_CONDITIONS = DEBUG;
				SWIFT_OPTIMIZATION_LEVEL = "-Onone";
				SWIFT_SUPPRESS_WARNINGS = YES;
				SWIFT_VERSION = 5.0;
				TEST_HOST = "$(BUILT_PRODUCTS_DIR)/Runner.app/$(BUNDLE_EXECUTABLE_FOLDER_PATH)/Runner";
			};
			name = Debug;
		};
		331C8089294A63A400263BE5 /* Release */ = {
			isa = XCBuildConfiguration;
			baseConfigurationReference = CACD49FACF2EA4928F4FA94B /* Pods-RunnerTests.release.xcconfig */;
			buildSettings = {
				BUNDLE_LOADER = "$(TEST_HOST)";
				CLANG_WARN_DEPRECATED_OBJC_IMPLEMENTATIONS = NO;
				CODE_SIGN_STYLE = Automatic;
				CURRENT_PROJECT_VERSION = 1;
				DEVELOPMENT_TEAM = 79LUMW844N;
				GCC_WARN_INHIBIT_ALL_WARNINGS = YES;
				GENERATE_INFOPLIST_FILE = YES;
				MARKETING_VERSION = 1.0;
				PRODUCT_BUNDLE_IDENTIFIER = com.gyroscopeSensor.RunnerTests;
				PRODUCT_NAME = "$(TARGET_NAME)";
				SWIFT_SUPPRESS_WARNINGS = YES;
				SWIFT_VERSION = 5.0;
				TEST_HOST = "$(BUILT_PRODUCTS_DIR)/Runner.app/$(BUNDLE_EXECUTABLE_FOLDER_PATH)/Runner";
			};
			name = Release;
		};
		331C808A294A63A400263BE5 /* Profile */ = {
			isa = XCBuildConfiguration;
			baseConfigurationReference = 6B214EF79711AA151CA1D2A2 /* Pods-RunnerTests.profile.xcconfig */;
			buildSettings = {
				BUNDLE_LOADER = "$(TEST_HOST)";
				CLANG_WARN_DEPRECATED_OBJC_IMPLEMENTATIONS = NO;
				CODE_SIGN_STYLE = Automatic;
				CURRENT_PROJECT_VERSION = 1;
				DEVELOPMENT_TEAM = 79LUMW844N;
				GCC_WARN_INHIBIT_ALL_WARNINGS = YES;
				GENERATE_INFOPLIST_FILE = YES;
				MARKETING_VERSION = 1.0;
				PRODUCT_BUNDLE_IDENTIFIER = com.gyroscopeSensor.RunnerTests;
				PRODUCT_NAME = "$(TARGET_NAME)";
				SWIFT_SUPPRESS_WARNINGS = YES;
				SWIFT_VERSION = 5.0;
				TEST_HOST = "$(BUILT_PRODUCTS_DIR)/Runner.app/$(BUNDLE_EXECUTABLE_FOLDER_PATH)/Runner";
			};
			name = Profile;
		};
		97C147031CF9000F007C117D /* Debug */ = {
			isa = XCBuildConfiguration;
			buildSettings = {
				ALWAYS_SEARCH_USER_PATHS = NO;
				ASSETCATALOG_COMPILER_GENERATE_SWIFT_ASSET_SYMBOL_EXTENSIONS = YES;
				CLANG_ANALYZER_NONNULL = YES;
				CLANG_CXX_LANGUAGE_STANDARD = "gnu++0x";
				CLANG_CXX_LIBRARY = "libc++";
				CLANG_ENABLE_MODULES = YES;
				CLANG_ENABLE_OBJC_ARC = YES;
				CLANG_WARN_BLOCK_CAPTURE_AUTORELEASING = YES;
				CLANG_WARN_BOOL_CONVERSION = YES;
				CLANG_WARN_COMMA = YES;
				CLANG_WARN_CONSTANT_CONVERSION = YES;
				CLANG_WARN_DEPRECATED_OBJC_IMPLEMENTATIONS = NO;
				CLANG_WARN_DIRECT_OBJC_ISA_USAGE = YES_ERROR;
				CLANG_WARN_EMPTY_BODY = YES;
				CLANG_WARN_ENUM_CONVERSION = YES;
				CLANG_WARN_INFINITE_RECURSION = YES;
				CLANG_WARN_INT_CONVERSION = YES;
				CLANG_WARN_NON_LITERAL_NULL_CONVERSION = YES;
				CLANG_WARN_OBJC_IMPLICIT_RETAIN_SELF = YES;
				CLANG_WARN_OBJC_LITERAL_CONVERSION = YES;
				CLANG_WARN_OBJC_ROOT_CLASS = YES_ERROR;
				CLANG_WARN_RANGE_LOOP_ANALYSIS = YES;
				CLANG_WARN_STRICT_PROTOTYPES = YES;
				CLANG_WARN_SUSPICIOUS_MOVE = YES;
				CLANG_WARN_UNREACHABLE_CODE = YES;
				CLANG_WARN__DUPLICATE_METHOD_MATCH = YES;
				"CODE_SIGN_IDENTITY[sdk=iphoneos*]" = "iPhone Developer";
				COPY_PHASE_STRIP = NO;
				DEBUG_INFORMATION_FORMAT = dwarf;
				ENABLE_STRICT_OBJC_MSGSEND = YES;
				ENABLE_TESTABILITY = YES;
				ENABLE_USER_SCRIPT_SANDBOXING = NO;
				GCC_C_LANGUAGE_STANDARD = gnu99;
				GCC_DYNAMIC_NO_PIC = NO;
				GCC_NO_COMMON_BLOCKS = YES;
				GCC_OPTIMIZATION_LEVEL = 0;
				GCC_PREPROCESSOR_DEFINITIONS = (
					"DEBUG=1",
					"$(inherited)",
				);
				GCC_WARN_64_TO_32_BIT_CONVERSION = YES;
				GCC_WARN_ABOUT_RETURN_TYPE = YES_ERROR;
				GCC_WARN_INHIBIT_ALL_WARNINGS = YES;
				GCC_WARN_UNDECLARED_SELECTOR = YES;
				GCC_WARN_UNINITIALIZED_AUTOS = YES_AGGRESSIVE;
				GCC_WARN_UNUSED_FUNCTION = YES;
				GCC_WARN_UNUSED_VARIABLE = YES;
				IPHONEOS_DEPLOYMENT_TARGET = 12.0;
				MTL_ENABLE_DEBUG_INFO = YES;
				ONLY_ACTIVE_ARCH = YES;
				SDKROOT = iphoneos;
				SWIFT_SUPPRESS_WARNINGS = YES;
				TARGETED_DEVICE_FAMILY = "1,2";
			};
			name = Debug;
		};
		97C147041CF9000F007C117D /* Release */ = {
			isa = XCBuildConfiguration;
			buildSettings = {
				ALWAYS_SEARCH_USER_PATHS = NO;
				ASSETCATALOG_COMPILER_GENERATE_SWIFT_ASSET_SYMBOL_EXTENSIONS = YES;
				CLANG_ANALYZER_NONNULL = YES;
				CLANG_CXX_LANGUAGE_STANDARD = "gnu++0x";
				CLANG_CXX_LIBRARY = "libc++";
				CLANG_ENABLE_MODULES = YES;
				CLANG_ENABLE_OBJC_ARC = YES;
				CLANG_WARN_BLOCK_CAPTURE_AUTORELEASING = YES;
				CLANG_WARN_BOOL_CONVERSION = YES;
				CLANG_WARN_COMMA = YES;
				CLANG_WARN_CONSTANT_CONVERSION = YES;
				CLANG_WARN_DEPRECATED_OBJC_IMPLEMENTATIONS = NO;
				CLANG_WARN_DIRECT_OBJC_ISA_USAGE = YES_ERROR;
				CLANG_WARN_EMPTY_BODY = YES;
				CLANG_WARN_ENUM_CONVERSION = YES;
				CLANG_WARN_INFINITE_RECURSION = YES;
				CLANG_WARN_INT_CONVERSION = YES;
				CLANG_WARN_NON_LITERAL_NULL_CONVERSION = YES;
				CLANG_WARN_OBJC_IMPLICIT_RETAIN_SELF = YES;
				CLANG_WARN_OBJC_LITERAL_CONVERSION = YES;
				CLANG_WARN_OBJC_ROOT_CLASS = YES_ERROR;
				CLANG_WARN_RANGE_LOOP_ANALYSIS = YES;
				CLANG_WARN_STRICT_PROTOTYPES = YES;
				CLANG_WARN_SUSPICIOUS_MOVE = YES;
				CLANG_WARN_UNREACHABLE_CODE = YES;
				CLANG_WARN__DUPLICATE_METHOD_MATCH = YES;
				"CODE_SIGN_IDENTITY[sdk=iphoneos*]" = "iPhone Developer";
				COPY_PHASE_STRIP = NO;
				DEBUG_INFORMATION_FORMAT = "dwarf-with-dsym";
				ENABLE_NS_ASSERTIONS = NO;
				ENABLE_STRICT_OBJC_MSGSEND = YES;
				ENABLE_USER_SCRIPT_SANDBOXING = NO;
				GCC_C_LANGUAGE_STANDARD = gnu99;
				GCC_NO_COMMON_BLOCKS = YES;
				GCC_WARN_64_TO_32_BIT_CONVERSION = YES;
				GCC_WARN_ABOUT_RETURN_TYPE = YES_ERROR;
				GCC_WARN_INHIBIT_ALL_WARNINGS = YES;
				GCC_WARN_UNDECLARED_SELECTOR = YES;
				GCC_WARN_UNINITIALIZED_AUTOS = YES_AGGRESSIVE;
				GCC_WARN_UNUSED_FUNCTION = YES;
				GCC_WARN_UNUSED_VARIABLE = YES;
				IPHONEOS_DEPLOYMENT_TARGET = 12.0;
				MTL_ENABLE_DEBUG_INFO = NO;
				SDKROOT = iphoneos;
				SUPPORTED_PLATFORMS = iphoneos;
				SWIFT_COMPILATION_MODE = wholemodule;
				SWIFT_OPTIMIZATION_LEVEL = "-O";
				SWIFT_SUPPRESS_WARNINGS = YES;
				TARGETED_DEVICE_FAMILY = "1,2";
				VALIDATE_PRODUCT = YES;
			};
			name = Release;
		};
		97C147061CF9000F007C117D /* Debug */ = {
			isa = XCBuildConfiguration;
			baseConfigurationReference = 9740EEB21CF90195004384FC /* Debug.xcconfig */;
			buildSettings = {
				ASSETCATALOG_COMPILER_APPICON_NAME = AppIcon;
				CLANG_ENABLE_MODULES = YES;
				CLANG_WARN_DEPRECATED_OBJC_IMPLEMENTATIONS = NO;
				CURRENT_PROJECT_VERSION = "$(FLUTTER_BUILD_NUMBER)";
				DEVELOPMENT_TEAM = 79LUMW844N;
				ENABLE_BITCODE = NO;
				GCC_WARN_INHIBIT_ALL_WARNINGS = YES;
				INFOPLIST_FILE = Runner/Info.plist;
				LD_RUNPATH_SEARCH_PATHS = (
					"$(inherited)",
					"@executable_path/Frameworks",
				);
				PRODUCT_BUNDLE_IDENTIFIER = com.shinyanagashima.gyroscopeSensor;
				PRODUCT_NAME = "$(TARGET_NAME)";
				SWIFT_OBJC_BRIDGING_HEADER = "Runner/Runner-Bridging-Header.h";
				SWIFT_OPTIMIZATION_LEVEL = "-Onone";
				SWIFT_SUPPRESS_WARNINGS = YES;
				SWIFT_VERSION = 5.0;
				VERSIONING_SYSTEM = "apple-generic";
			};
			name = Debug;
		};
		97C147071CF9000F007C117D /* Release */ = {
			isa = XCBuildConfiguration;
			baseConfigurationReference = 7AFA3C8E1D35360C0083082E /* Release.xcconfig */;
			buildSettings = {
				ASSETCATALOG_COMPILER_APPICON_NAME = AppIcon;
				CLANG_ENABLE_MODULES = YES;
				CLANG_WARN_DEPRECATED_OBJC_IMPLEMENTATIONS = NO;
				CURRENT_PROJECT_VERSION = "$(FLUTTER_BUILD_NUMBER)";
				DEVELOPMENT_TEAM = 79LUMW844N;
				ENABLE_BITCODE = NO;
				GCC_WARN_INHIBIT_ALL_WARNINGS = YES;
				INFOPLIST_FILE = Runner/Info.plist;
				LD_RUNPATH_SEARCH_PATHS = (
					"$(inherited)",
					"@executable_path/Frameworks",
				);
				PRODUCT_BUNDLE_IDENTIFIER = com.shinyanagashima.gyroscopeSensor;
				PRODUCT_NAME = "$(TARGET_NAME)";
				SWIFT_OBJC_BRIDGING_HEADER = "Runner/Runner-Bridging-Header.h";
				SWIFT_SUPPRESS_WARNINGS = YES;
				SWIFT_VERSION = 5.0;
				VERSIONING_SYSTEM = "apple-generic";
			};
			name = Release;
		};
/* End XCBuildConfiguration section */

/* Begin XCConfigurationList section */
		331C8087294A63A400263BE5 /* Build configuration list for PBXNativeTarget "RunnerTests" */ = {
			isa = XCConfigurationList;
			buildConfigurations = (
				331C8088294A63A400263BE5 /* Debug */,
				331C8089294A63A400263BE5 /* Release */,
				331C808A294A63A400263BE5 /* Profile */,
			);
			defaultConfigurationIsVisible = 0;
			defaultConfigurationName = Release;
		};
		97C146E91CF9000F007C117D /* Build configuration list for PBXProject "Runner" */ = {
			isa = XCConfigurationList;
			buildConfigurations = (
				97C147031CF9000F007C117D /* Debug */,
				97C147041CF9000F007C117D /* Release */,
				249021D3217E4FDB00AE95B9 /* Profile */,
			);
			defaultConfigurationIsVisible = 0;
			defaultConfigurationName = Release;
		};
		97C147051CF9000F007C117D /* Build configuration list for PBXNativeTarget "Runner" */ = {
			isa = XCConfigurationList;
			buildConfigurations = (
				97C147061CF9000F007C117D /* Debug */,
				97C147071CF9000F007C117D /* Release */,
				249021D4217E4FDB00AE95B9 /* Profile */,
			);
			defaultConfigurationIsVisible = 0;
			defaultConfigurationName = Release;
		};
/* End XCConfigurationList section */
	};
	rootObject = 97C146E61CF9000F007C117D /* Project object */;
}
